
Microsoft Visual Studio Solution File, Format Version 12.00
# Visual Studio 15
VisualStudioVersion = 15.0.28010.2046
MinimumVisualStudioVersion = 10.0.40219.1
Project("{9A19103F-16F7-4668-BE54-9A1E7A4F7556}") = "OpenHackNelnet", "OpenHackNelnet\OpenHackNelnet.csproj", "{22A6638D-4B40-4E9C-B63C-36E53B7FAEEE}"
EndProject
Global
	GlobalSection(SolutionConfigurationPlatforms) = preSolution
		Debug|Any CPU = Debug|Any CPU
		Release|Any CPU = Release|Any CPU
	EndGlobalSection
	GlobalSection(ProjectConfigurationPlatforms) = postSolution
		{22A6638D-4B40-4E9C-B63C-36E53B7FAEEE}.Debug|Any CPU.ActiveCfg = Debug|Any CPU
		{22A6638D-4B40-4E9C-B63C-36E53B7FAEEE}.Debug|Any CPU.Build.0 = Debug|Any CPU
		{22A6638D-4B40-4E9C-B63C-36E53B7FAEEE}.Release|Any CPU.ActiveCfg = Release|Any CPU
		{22A6638D-4B40-4E9C-B63C-36E53B7FAEEE}.Release|Any CPU.Build.0 = Release|Any CPU
	EndGlobalSection
	GlobalSection(SolutionProperties) = preSolution
		HideSolutionNode = FALSE
	EndGlobalSection
	GlobalSection(ExtensibilityGlobals) = postSolution
		SolutionGuid = {97AE9303-08C2-419E-A9B6-E18BC8A25BC3}
	EndGlobalSection
EndGlobal
